
Microsoft Visual Studio Solution File, Format Version 12.00
# Visual Studio 14
VisualStudioVersion = 14.0.24720.0
MinimumVisualStudioVersion = 10.0.40219.1
Project("{FAE04EC0-301F-11D3-BF4B-00C04F79EFBC}") = "Libray", "Libray\Libray.csproj", "{761D47A6-9A5C-42EA-AA1E-F61D4B468D31}"
EndProject
Global
	GlobalSection(SolutionConfigurationPlatforms) = preSolution
		Debug|Any CPU = Debug|Any CPU
		Release|Any CPU = Release|Any CPU
	EndGlobalSection
	GlobalSection(ProjectConfigurationPlatforms) = postSolution
		{761D47A6-9A5C-42EA-AA1E-F61D4B468D31}.Debug|Any CPU.ActiveCfg = Debug|Any CPU
		{761D47A6-9A5C-42EA-AA1E-F61D4B468D31}.Debug|Any CPU.Build.0 = Debug|Any CPU
		{761D47A6-9A5C-42EA-AA1E-F61D4B468D31}.Release|Any CPU.ActiveCfg = Release|Any CPU
		{761D47A6-9A5C-42EA-AA1E-F61D4B468D31}.Release|Any CPU.Build.0 = Release|Any CPU
	EndGlobalSection
	GlobalSection(SolutionProperties) = preSolution
		HideSolutionNode = FALSE
	EndGlobalSection
EndGlobal
